// !$*UTF8*$!
{
	archiveVersion = 1;
	classes = {
	};
	objectVersion = 46;
	objects = {

/* Begin PBXBuildFile section */
		9CC68FA51C2287650033B32F /* main.m in Sources */ = {isa = PBXBuildFile; fileRef = 9CC68FA41C2287650033B32F /* main.m */; };
		9CC68FA81C2287650033B32F /* AppDelegate.m in Sources */ = {isa = PBXBuildFile; fileRef = 9CC68FA71C2287650033B32F /* AppDelegate.m */; };
		9CC68FAB1C2287650033B32F /* ViewController.m in Sources */ = {isa = PBXBuildFile; fileRef = 9CC68FAA1C2287650033B32F /* ViewController.m */; };
		9CC68FAE1C2287650033B32F /* Main.storyboard in Resources */ = {isa = PBXBuildFile; fileRef = 9CC68FAC1C2287650033B32F /* Main.storyboard */; };
		9CC68FB01C2287650033B32F /* Assets.xcassets in Resources */ = {isa = PBXBuildFile; fileRef = 9CC68FAF1C2287650033B32F /* Assets.xcassets */; };
		9CC68FB31C2287650033B32F /* LaunchScreen.storyboard in Resources */ = {isa = PBXBuildFile; fileRef = 9CC68FB11C2287650033B32F /* LaunchScreen.storyboard */; };
		9CC68FBD1C22878B0033B32F /* CLCountdownView.m in Sources */ = {isa = PBXBuildFile; fileRef = 9CC68FBC1C22878B0033B32F /* CLCountdownView.m */; };
/* End PBXBuildFile section */

/* Begin PBXFileReference section */
		9CC68FA01C2287650033B32F /* CLCountdownView.app */ = {isa = PBXFileReference; explicitFileType = wrapper.application; includeInIndex = 0; path = CLCountdownView.app; sourceTree = BUILT_PRODUCTS_DIR; };
		9CC68FA41C2287650033B32F /* main.m */ = {isa = PBXFileReference; lastKnownFileType = sourcecode.c.objc; path = main.m; sourceTree = "<group>"; };
		9CC68FA61C2287650033B32F /* AppDelegate.h */ = {isa = PBXFileReference; lastKnownFileType = sourcecode.c.h; path = AppDelegate.h; sourceTree = "<group>"; };
		9CC68FA71C2287650033B32F /* AppDelegate.m */ = {isa = PBXFileReference; lastKnownFileType = sourcecode.c.objc; path = AppDelegate.m; sourceTree = "<group>"; };
		9CC68FA91C2287650033B32F /* ViewController.h */ = {isa = PBXFileReference; lastKnownFileType = sourcecode.c.h; path = ViewController.h; sourceTree = "<group>"; };
		9CC68FAA1C2287650033B32F /* ViewController.m */ = {isa = PBXFileReference; lastKnownFileType = sourcecode.c.objc; path = ViewController.m; sourceTree = "<group>"; };
		9CC68FAD1C2287650033B32F /* Base */ = {isa = PBXFileReference; lastKnownFileType = file.storyboard; name = Base; path = Base.lproj/Main.storyboard; sourceTree = "<group>"; };
		9CC68FAF1C2287650033B32F /* Assets.xcassets */ = {isa = PBXFileReference; lastKnownFileType = folder.assetcatalog; path = Assets.xcassets; sourceTree = "<group>"; };
		9CC68FB21C2287650033B32F /* Base */ = {isa = PBXFileReference; lastKnownFileType = file.storyboard; name = Base; path = Base.lproj/LaunchScreen.storyboard; sourceTree = "<group>"; };
		9CC68FB41C2287650033B32F /* Info.plist */ = {isa = PBXFileReference; lastKnownFileType = text.plist.xml; path = Info.plist; sourceTree = "<group>"; };
		9CC68FBB1C22878B0033B32F /* CLCountdownView.h */ = {isa = PBXFileReference; fileEncoding = 4; lastKnownFileType = sourcecode.c.h; name = CLCountdownView.h; path = CLCountdownView/CLCountdownView.h; sourceTree = "<group>"; };
		9CC68FBC1C22878B0033B32F /* CLCountdownView.m */ = {isa = PBXFileReference; fileEncoding = 4; lastKnownFileType = sourcecode.c.objc; name = CLCountdownView.m; path = CLCountdownView/CLCountdownView.m; sourceTree = "<group>"; };
/* End PBXFileReference section */

/* Begin PBXFrameworksBuildPhase section */
		9CC68F9D1C2287650033B32F /* Frameworks */ = {
			isa = PBXFrameworksBuildPhase;
			buildActionMask = 2147483647;
			files = (
			);
			runOnlyForDeploymentPostprocessing = 0;
		};
/* End PBXFrameworksBuildPhase section */

/* Begin PBXGroup section */
		9CC68F971C2287650033B32F = {
			isa = PBXGroup;
			children = (
				9CC68FA21C2287650033B32F /* CLCountdownView */,
				9CC68FA11C2287650033B32F /* Products */,
			);
			sourceTree = "<group>";
		};
		9CC68FA11C2287650033B32F /* Products */ = {
			isa = PBXGroup;
			children = (
				9CC68FA01C2287650033B32F /* CLCountdownView.app */,
			);
			name = Products;
			sourceTree = "<group>";
		};
		9CC68FA21C2287650033B32F /* CLCountdownView */ = {
			isa = PBXGroup;
			children = (
				9CC68FBA1C22876E0033B32F /* CLCountdownView */,
				9CC68FA61C2287650033B32F /* AppDelegate.h */,
				9CC68FA71C2287650033B32F /* AppDelegate.m */,
				9CC68FA91C2287650033B32F /* ViewController.h */,
				9CC68FAA1C2287650033B32F /* ViewController.m */,
				9CC68FAC1C2287650033B32F /* Main.storyboard */,
				9CC68FAF1C2287650033B32F /* Assets.xcassets */,
				9CC68FB11C2287650033B32F /* LaunchScreen.storyboard */,
				9CC68FB41C2287650033B32F /* Info.plist */,
				9CC68FA31C2287650033B32F /* Supporting Files */,
			);
			path = CLCountdownView;
			sourceTree = "<group>";
		};
		9CC68FA31C2287650033B32F /* Supporting Files */ = {
			isa = PBXGroup;
			children = (
				9CC68FA41C2287650033B32F /* main.m */,
			);
			name = "Supporting Files";
			sourceTree = "<group>";
		};
		9CC68FBA1C22876E0033B32F /* CLCountdownView */ = {
			isa = PBXGroup;
			children = (
				9CC68FBB1C22878B0033B32F /* CLCountdownView.h */,
				9CC68FBC1C22878B0033B32F /* CLCountdownView.m */,
			);
			name = CLCountdownView;
			sourceTree = "<group>";
		};
/* End PBXGroup section */

/* Begin PBXNativeTarget section */
		9CC68F9F1C2287650033B32F /* CLCountdownView */ = {
			isa = PBXNativeTarget;
			buildConfigurationList = 9CC68FB71C2287650033B32F /* Build configuration list for PBXNativeTarget "CLCountdownView" */;
			buildPhases = (
				9CC68F9C1C2287650033B32F /* Sources */,
				9CC68F9D1C2287650033B32F /* Frameworks */,
				9CC68F9E1C2287650033B32F /* Resources */,
			);
			buildRules = (
			);
			dependencies = (
			);
			name = CLCountdownView;
			productName = CLCountdownView;
			productReference = 9CC68FA01C2287650033B32F /* CLCountdownView.app */;
			productType = "com.apple.product-type.application";
		};
/* End PBXNativeTarget section */

/* Begin PBXProject section */
		9CC68F981C2287650033B32F /* Project object */ = {
			isa = PBXProject;
			attributes = {
				LastUpgradeCheck = 0720;
				ORGANIZATIONNAME = "李辉";
				TargetAttributes = {
					9CC68F9F1C2287650033B32F = {
						CreatedOnToolsVersion = 7.2;
						DevelopmentTeam = 3V778BRDYP;
					};
				};
			};
			buildConfigurationList = 9CC68F9B1C2287650033B32F /* Build configuration list for PBXProject "CLCountdownView" */;
			compatibilityVersion = "Xcode 3.2";
			developmentRegion = English;
			hasScannedForEncodings = 0;
			knownRegions = (
				en,
				Base,
			);
			mainGroup = 9CC68F971C2287650033B32F;
			productRefGroup = 9CC68FA11C2287650033B32F /* Products */;
			projectDirPath = "";
			projectRoot = "";
			targets = (
				9CC68F9F1C2287650033B32F /* CLCountdownView */,
			);
		};
/* End PBXProject section */

/* Begin PBXResourcesBuildPhase section */
		9CC68F9E1C2287650033B32F /* Resources */ = {
			isa = PBXResourcesBuildPhase;
			buildActionMask = 2147483647;
			files = (
				9CC68FB31C2287650033B32F /* LaunchScreen.storyboard in Resources */,
				9CC68FB01C2287650033B32F /* Assets.xcassets in Resources */,
				9CC68FAE1C2287650033B32F /* Main.storyboard in Resources */,
			);
			runOnlyForDeploymentPostprocessing = 0;
		};
/* End PBXResourcesBuildPhase section */

/* Begin PBXSourcesBuildPhase section */
		9CC68F9C1C2287650033B32F /* Sources */ = {
			isa = PBXSourcesBuildPhase;
			buildActionMask = 2147483647;
			files = (
				9CC68FAB1C2287650033B32F /* ViewController.m in Sources */,
				9CC68FA81C2287650033B32F /* AppDelegate.m in Sources */,
				9CC68FA51C2287650033B32F /* main.m in Sources */,
				9CC68FBD1C22878B0033B32F /* CLCountdownView.m in Sources */,
			);
			runOnlyForDeploymentPostprocessing = 0;
		};
/* End PBXSourcesBuildPhase section */

/* Begin PBXVariantGroup section */
		9CC68FAC1C2287650033B32F /* Main.storyboard */ = {
			isa = PBXVariantGroup;
			children = (
				9CC68FAD1C2287650033B32F /* Base */,
			);
			name = Main.storyboard;
			sourceTree = "<group>";
		};
		9CC68FB11C2287650033B32F /* LaunchScreen.storyboard */ = {
			isa = PBXVariantGroup;
			children = (
				9CC68FB21C2287650033B32F /* Base */,
			);
			name = LaunchScreen.storyboard;
			sourceTree = "<group>";
		};
/* End PBXVariantGroup section */

/* Begin XCBuildConfiguration section */
		9CC68FB51C2287650033B32F /* Debug */ = {
			isa = XCBuildConfiguration;
			buildSettings = {
				ALWAYS_SEARCH_USER_PATHS = NO;
				CLANG_CXX_LANGUAGE_STANDARD = "gnu++0x";
				CLANG_CXX_LIBRARY = "libc++";
				CLANG_ENABLE_MODULES = YES;
				CLANG_ENABLE_OBJC_ARC = YES;
				CLANG_WARN_BOOL_CONVERSION = YES;
				CLANG_WARN_CONSTANT_CONVERSION = YES;
				CLANG_WARN_DIRECT_OBJC_ISA_USAGE = YES_ERROR;
				CLANG_WARN_EMPTY_BODY = YES;
				CLANG_WARN_ENUM_CONVERSION = YES;
				CLANG_WARN_INT_CONVERSION = YES;
				CLANG_WARN_OBJC_ROOT_CLASS = YES_ERROR;
				CLANG_WARN_UNREACHABLE_CODE = YES;
				CLANG_WARN__DUPLICATE_METHOD_MATCH = YES;
				"CODE_SIGN_IDENTITY[sdk=iphoneos*]" = "iPhone Developer";
				COPY_PHASE_STRIP = NO;
				DEBUG_INFORMATION_FORMAT = dwarf;
				ENABLE_STRICT_OBJC_MSGSEND = YES;
				ENABLE_TESTABILITY = YES;
				GCC_C_LANGUAGE_STANDARD = gnu99;
				GCC_DYNAMIC_NO_PIC = NO;
				GCC_NO_COMMON_BLOCKS = YES;
				GCC_OPTIMIZATION_LEVEL = 0;
				GCC_PREPROCESSOR_DEFINITIONS = (
					"DEBUG=1",
					"$(inherited)",
				);
				GCC_WARN_64_TO_32_BIT_CONVERSION = YES;
				GCC_WARN_ABOUT_RETURN_TYPE = YES_ERROR;
				GCC_WARN_UNDECLARED_SELECTOR = YES;
				GCC_WARN_UNINITIALIZED_AUTOS = YES_AGGRESSIVE;
				GCC_WARN_UNUSED_FUNCTION = YES;
				GCC_WARN_UNUSED_VARIABLE = YES;
				IPHONEOS_DEPLOYMENT_TARGET = 9.2;
				MTL_ENABLE_DEBUG_INFO = YES;
				ONLY_ACTIVE_ARCH = YES;
				SDKROOT = iphoneos;
				TARGETED_DEVICE_FAMILY = "1,2";
			};
			name = Debug;
		};
		9CC68FB61C2287650033B32F /* Release */ = {
			isa = XCBuildConfiguration;
			buildSettings = {
				ALWAYS_SEARCH_USER_PATHS = NO;
				CLANG_CXX_LANGUAGE_STANDARD = "gnu++0x";
				CLANG_CXX_LIBRARY = "libc++";
				CLANG_ENABLE_MODULES = YES;
				CLANG_ENABLE_OBJC_ARC = YES;
				CLANG_WARN_BOOL_CONVERSION = YES;
				CLANG_WARN_CONSTANT_CONVERSION = YES;
				CLANG_WARN_DIRECT_OBJC_ISA_USAGE = YES_ERROR;
				CLANG_WARN_EMPTY_BODY = YES;
				CLANG_WARN_ENUM_CONVERSION = YES;
				CLANG_WARN_INT_CONVERSION = YES;
				CLANG_WARN_OBJC_ROOT_CLASS = YES_ERROR;
				CLANG_WARN_UNREACHABLE_CODE = YES;
				CLANG_WARN__DUPLICATE_METHOD_MATCH = YES;
				"CODE_SIGN_IDENTITY[sdk=iphoneos*]" = "iPhone Developer";
				COPY_PHASE_STRIP = NO;
				DEBUG_INFORMATION_FORMAT = "dwarf-with-dsym";
				ENABLE_NS_ASSERTIONS = NO;
				ENABLE_STRICT_OBJC_MSGSEND = YES;
				GCC_C_LANGUAGE_STANDARD = gnu99;
				GCC_NO_COMMON_BLOCKS = YES;
				GCC_WARN_64_TO_32_BIT_CONVERSION = YES;
				GCC_WARN_ABOUT_RETURN_TYPE = YES_ERROR;
				GCC_WARN_UNDECLARED_SELECTOR = YES;
				GCC_WARN_UNINITIALIZED_AUTOS = YES_AGGRESSIVE;
				GCC_WARN_UNUSED_FUNCTION = YES;
				GCC_WARN_UNUSED_VARIABLE = YES;
				IPHONEOS_DEPLOYMENT_TARGET = 9.2;
				MTL_ENABLE_DEBUG_INFO = NO;
				SDKROOT = iphoneos;
				TARGETED_DEVICE_FAMILY = "1,2";
				VALIDATE_PRODUCT = YES;
			};
			name = Release;
		};
		9CC68FB81C2287650033B32F /* Debug */ = {
			isa = XCBuildConfiguration;
			buildSettings = {
				ASSETCATALOG_COMPILER_APPICON_NAME = AppIcon;
				CODE_SIGN_IDENTITY = "iPhone Developer";
				INFOPLIST_FILE = CLCountdownView/Info.plist;
				LD_RUNPATH_SEARCH_PATHS = "$(inherited) @executable_path/Frameworks";
				PRODUCT_BUNDLE_IDENTIFIER = ChangeLee.CLCountdownView;
				PRODUCT_NAME = "$(TARGET_NAME)";
			};
			name = Debug;
		};
		9CC68FB91C2287650033B32F /* Release */ = {
			isa = XCBuildConfiguration;
			buildSettings = {
				ASSETCATALOG_COMPILER_APPICON_NAME = AppIcon;
				CODE_SIGN_IDENTITY = "iPhone Developer";
				INFOPLIST_FILE = CLCountdownView/Info.plist;
				LD_RUNPATH_SEARCH_PATHS = "$(inherited) @executable_path/Frameworks";
				PRODUCT_BUNDLE_IDENTIFIER = ChangeLee.CLCountdownView;
				PRODUCT_NAME = "$(TARGET_NAME)";
			};
			name = Release;
		};
/* End XCBuildConfiguration section */

/* Begin XCConfigurationList section */
		9CC68F9B1C2287650033B32F /* Build configuration list for PBXProject "CLCountdownView" */ = {
			isa = XCConfigurationList;
			buildConfigurations = (
				9CC68FB51C2287650033B32F /* Debug */,
				9CC68FB61C2287650033B32F /* Release */,
			);
			defaultConfigurationIsVisible = 0;
			defaultConfigurationName = Release;
		};
		9CC68FB71C2287650033B32F /* Build configuration list for PBXNativeTarget "CLCountdownView" */ = {
			isa = XCConfigurationList;
			buildConfigurations = (
				9CC68FB81C2287650033B32F /* Debug */,
				9CC68FB91C2287650033B32F /* Release */,
			);
			defaultConfigurationIsVisible = 0;
		};
/* End XCConfigurationList section */
	};
	rootObject = 9CC68F981C2287650033B32F /* Project object */;
}
